
Microsoft Visual Studio Solution File, Format Version 12.00
# Visual Studio Version 17
VisualStudioVersion = 17.0.31903.59
MinimumVisualStudioVersion = 10.0.40219.1
Project("{2150E333-8FDC-42A3-9474-1A3956D46DE8}") = "src", "src", "{2B73117D-55CA-4DED-8517-38146359299B}"
EndProject
Project("{9A19103F-16F7-4668-BE54-9A1E7A4F7556}") = "OneReview.API", "src\OneReview.API\OneReview.API.csproj", "{5911031B-7B54-4681-B9EF-B59DD722EEAD}"
EndProject
Global
	GlobalSection(SolutionConfigurationPlatforms) = preSolution
		Debug|Any CPU = Debug|Any CPU
		Release|Any CPU = Release|Any CPU
	EndGlobalSection
	GlobalSection(ProjectConfigurationPlatforms) = postSolution
		{5911031B-7B54-4681-B9EF-B59DD722EEAD}.Debug|Any CPU.ActiveCfg = Debug|Any CPU
		{5911031B-7B54-4681-B9EF-B59DD722EEAD}.Debug|Any CPU.Build.0 = Debug|Any CPU
		{5911031B-7B54-4681-B9EF-B59DD722EEAD}.Release|Any CPU.ActiveCfg = Release|Any CPU
		{5911031B-7B54-4681-B9EF-B59DD722EEAD}.Release|Any CPU.Build.0 = Release|Any CPU
	EndGlobalSection
	GlobalSection(SolutionProperties) = preSolution
		HideSolutionNode = FALSE
	EndGlobalSection
	GlobalSection(NestedProjects) = preSolution
		{5911031B-7B54-4681-B9EF-B59DD722EEAD} = {2B73117D-55CA-4DED-8517-38146359299B}
	EndGlobalSection
EndGlobal
